
Microsoft Visual Studio Solution File, Format Version 12.00
# Visual Studio Version 17
VisualStudioVersion = 17.1.32210.238
MinimumVisualStudioVersion = 10.0.40219.1
Project("{FAE04EC0-301F-11D3-BF4B-00C04F79EFBC}") = "CabInvoiceGenerator", "CabInvoiceGenerator.csproj", "{E03DD34C-E7DE-40C9-91B1-EA3437147466}"
EndProject
Project("{FAE04EC0-301F-11D3-BF4B-00C04F79EFBC}") = "UnitTest", "..\UnitTest\UnitTest.csproj", "{9438C2DB-2E3A-4EC8-BB9D-FFFA86B156A4}"
EndProject
Global
	GlobalSection(SolutionConfigurationPlatforms) = preSolution
		Debug|Any CPU = Debug|Any CPU
		Release|Any CPU = Release|Any CPU
	EndGlobalSection
	GlobalSection(ProjectConfigurationPlatforms) = postSolution
		{E03DD34C-E7DE-40C9-91B1-EA3437147466}.Debug|Any CPU.ActiveCfg = Debug|Any CPU
		{E03DD34C-E7DE-40C9-91B1-EA3437147466}.Debug|Any CPU.Build.0 = Debug|Any CPU
		{E03DD34C-E7DE-40C9-91B1-EA3437147466}.Release|Any CPU.ActiveCfg = Release|Any CPU
		{E03DD34C-E7DE-40C9-91B1-EA3437147466}.Release|Any CPU.Build.0 = Release|Any CPU
		{9438C2DB-2E3A-4EC8-BB9D-FFFA86B156A4}.Debug|Any CPU.ActiveCfg = Debug|Any CPU
		{9438C2DB-2E3A-4EC8-BB9D-FFFA86B156A4}.Debug|Any CPU.Build.0 = Debug|Any CPU
		{9438C2DB-2E3A-4EC8-BB9D-FFFA86B156A4}.Release|Any CPU.ActiveCfg = Release|Any CPU
		{9438C2DB-2E3A-4EC8-BB9D-FFFA86B156A4}.Release|Any CPU.Build.0 = Release|Any CPU
	EndGlobalSection
	GlobalSection(SolutionProperties) = preSolution
		HideSolutionNode = FALSE
	EndGlobalSection
	GlobalSection(ExtensibilityGlobals) = postSolution
		SolutionGuid = {11E9452D-0ED5-4FCE-AA72-3D4563662A5E}
	EndGlobalSection
EndGlobal
